
Microsoft Visual Studio Solution File, Format Version 11.00
# Visual Studio 2010
Project("{FAE04EC0-301F-11D3-BF4B-00C04F79EFBC}") = "Pong", "Pong\Pong\Pong.csproj", "{D1816110-AD95-422F-BB9A-A406D5293A39}"
EndProject
Project("{96E2B04D-8817-42C6-938A-82C39BA4D311}") = "PongContent", "Pong\PongContent\PongContent.contentproj", "{C254BA35-3AD0-46F7-B013-E4CD43FFEB32}"
EndProject
Global
	GlobalSection(SolutionConfigurationPlatforms) = preSolution
		Debug|x86 = Debug|x86
		Release|x86 = Release|x86
	EndGlobalSection
	GlobalSection(ProjectConfigurationPlatforms) = postSolution
		{D1816110-AD95-422F-BB9A-A406D5293A39}.Debug|x86.ActiveCfg = Debug|x86
		{D1816110-AD95-422F-BB9A-A406D5293A39}.Debug|x86.Build.0 = Debug|x86
		{D1816110-AD95-422F-BB9A-A406D5293A39}.Release|x86.ActiveCfg = Release|x86
		{D1816110-AD95-422F-BB9A-A406D5293A39}.Release|x86.Build.0 = Release|x86
		{C254BA35-3AD0-46F7-B013-E4CD43FFEB32}.Debug|x86.ActiveCfg = Debug|x86
		{C254BA35-3AD0-46F7-B013-E4CD43FFEB32}.Release|x86.ActiveCfg = Release|x86
	EndGlobalSection
	GlobalSection(SolutionProperties) = preSolution
		HideSolutionNode = FALSE
	EndGlobalSection
EndGlobal
